// !$*UTF8*$!
{
	archiveVersion = 1;
	classes = {
	};
	objectVersion = 50;
	objects = {

/* Begin PBXBuildFile section */
		036018CF22BEA6B500554672 /* Constants.swift in Sources */ = {isa = PBXBuildFile; fileRef = 036018CE22BEA6B500554672 /* Constants.swift */; };
		036018D122BEA70A00554672 /* APIRouter.swift in Sources */ = {isa = PBXBuildFile; fileRef = 036018D022BEA70A00554672 /* APIRouter.swift */; };
		036018D322BEA99E00554672 /* NetworkClient.swift in Sources */ = {isa = PBXBuildFile; fileRef = 036018D222BEA99E00554672 /* NetworkClient.swift */; };
		039FD8F12295DB0500B79BE9 /* AppDelegate.swift in Sources */ = {isa = PBXBuildFile; fileRef = 039FD8F02295DB0500B79BE9 /* AppDelegate.swift */; };
		039FD8F32295DB0500B79BE9 /* ViewController.swift in Sources */ = {isa = PBXBuildFile; fileRef = 039FD8F22295DB0500B79BE9 /* ViewController.swift */; };
		039FD8F62295DB0500B79BE9 /* Main.storyboard in Resources */ = {isa = PBXBuildFile; fileRef = 039FD8F42295DB0500B79BE9 /* Main.storyboard */; };
		039FD8F82295DB0700B79BE9 /* Assets.xcassets in Resources */ = {isa = PBXBuildFile; fileRef = 039FD8F72295DB0700B79BE9 /* Assets.xcassets */; };
		039FD8FB2295DB0700B79BE9 /* LaunchScreen.storyboard in Resources */ = {isa = PBXBuildFile; fileRef = 039FD8F92295DB0700B79BE9 /* LaunchScreen.storyboard */; };
		039FD9052295E66300B79BE9 /* ToDoListCell.swift in Sources */ = {isa = PBXBuildFile; fileRef = 039FD9042295E66300B79BE9 /* ToDoListCell.swift */; };
		039FD9092295F13E00B79BE9 /* ToDoModel.swift in Sources */ = {isa = PBXBuildFile; fileRef = 039FD9082295F13E00B79BE9 /* ToDoModel.swift */; };
		6F62FADCB403702792D1FA01 /* Pods_ToDoList2019.framework in Frameworks */ = {isa = PBXBuildFile; fileRef = 0EE32BE051FA155C75ACFAF7 /* Pods_ToDoList2019.framework */; };
		D7AE86AD23392005000231A6 /* AuthManager.swift in Sources */ = {isa = PBXBuildFile; fileRef = D7AE86AC23392005000231A6 /* AuthManager.swift */; };
/* End PBXBuildFile section */

/* Begin PBXFileReference section */
		036018CE22BEA6B500554672 /* Constants.swift */ = {isa = PBXFileReference; lastKnownFileType = sourcecode.swift; path = Constants.swift; sourceTree = "<group>"; };
		036018D022BEA70A00554672 /* APIRouter.swift */ = {isa = PBXFileReference; lastKnownFileType = sourcecode.swift; path = APIRouter.swift; sourceTree = "<group>"; };
		036018D222BEA99E00554672 /* NetworkClient.swift */ = {isa = PBXFileReference; lastKnownFileType = sourcecode.swift; path = NetworkClient.swift; sourceTree = "<group>"; };
		039FD8ED2295DB0500B79BE9 /* ToDoList2019.app */ = {isa = PBXFileReference; explicitFileType = wrapper.application; includeInIndex = 0; path = ToDoList2019.app; sourceTree = BUILT_PRODUCTS_DIR; };
		039FD8F02295DB0500B79BE9 /* AppDelegate.swift */ = {isa = PBXFileReference; lastKnownFileType = sourcecode.swift; path = AppDelegate.swift; sourceTree = "<group>"; };
		039FD8F22295DB0500B79BE9 /* ViewController.swift */ = {isa = PBXFileReference; lastKnownFileType = sourcecode.swift; path = ViewController.swift; sourceTree = "<group>"; };
		039FD8F52295DB0500B79BE9 /* Base */ = {isa = PBXFileReference; lastKnownFileType = file.storyboard; name = Base; path = Base.lproj/Main.storyboard; sourceTree = "<group>"; };
		039FD8F72295DB0700B79BE9 /* Assets.xcassets */ = {isa = PBXFileReference; lastKnownFileType = folder.assetcatalog; path = Assets.xcassets; sourceTree = "<group>"; };
		039FD8FA2295DB0700B79BE9 /* Base */ = {isa = PBXFileReference; lastKnownFileType = file.storyboard; name = Base; path = Base.lproj/LaunchScreen.storyboard; sourceTree = "<group>"; };
		039FD8FC2295DB0700B79BE9 /* Info.plist */ = {isa = PBXFileReference; lastKnownFileType = text.plist.xml; path = Info.plist; sourceTree = "<group>"; };
		039FD9042295E66300B79BE9 /* ToDoListCell.swift */ = {isa = PBXFileReference; lastKnownFileType = sourcecode.swift; path = ToDoListCell.swift; sourceTree = "<group>"; };
		039FD9082295F13E00B79BE9 /* ToDoModel.swift */ = {isa = PBXFileReference; lastKnownFileType = sourcecode.swift; path = ToDoModel.swift; sourceTree = "<group>"; };
		0EE32BE051FA155C75ACFAF7 /* Pods_ToDoList2019.framework */ = {isa = PBXFileReference; explicitFileType = wrapper.framework; includeInIndex = 0; path = Pods_ToDoList2019.framework; sourceTree = BUILT_PRODUCTS_DIR; };
		D7AE86AC23392005000231A6 /* AuthManager.swift */ = {isa = PBXFileReference; lastKnownFileType = sourcecode.swift; path = AuthManager.swift; sourceTree = "<group>"; };
		E80F31CA16DD5A6652ED0BB3 /* Pods-ToDoList2019.release.xcconfig */ = {isa = PBXFileReference; includeInIndex = 1; lastKnownFileType = text.xcconfig; name = "Pods-ToDoList2019.release.xcconfig"; path = "Pods/Target Support Files/Pods-ToDoList2019/Pods-ToDoList2019.release.xcconfig"; sourceTree = "<group>"; };
		F03DAB3F34F4897ED8D0BE38 /* Pods-ToDoList2019.debug.xcconfig */ = {isa = PBXFileReference; includeInIndex = 1; lastKnownFileType = text.xcconfig; name = "Pods-ToDoList2019.debug.xcconfig"; path = "Pods/Target Support Files/Pods-ToDoList2019/Pods-ToDoList2019.debug.xcconfig"; sourceTree = "<group>"; };
/* End PBXFileReference section */

/* Begin PBXFrameworksBuildPhase section */
		039FD8EA2295DB0500B79BE9 /* Frameworks */ = {
			isa = PBXFrameworksBuildPhase;
			buildActionMask = 2147483647;
			files = (
				6F62FADCB403702792D1FA01 /* Pods_ToDoList2019.framework in Frameworks */,
			);
			runOnlyForDeploymentPostprocessing = 0;
		};
/* End PBXFrameworksBuildPhase section */

/* Begin PBXGroup section */
		036018CD22BEA68F00554672 /* Network */ = {
			isa = PBXGroup;
			children = (
				036018CE22BEA6B500554672 /* Constants.swift */,
				036018D022BEA70A00554672 /* APIRouter.swift */,
				036018D222BEA99E00554672 /* NetworkClient.swift */,
			);
			path = Network;
			sourceTree = "<group>";
		};
		039FD8E42295DB0500B79BE9 = {
			isa = PBXGroup;
			children = (
				039FD8EF2295DB0500B79BE9 /* ToDoList2019 */,
				039FD8EE2295DB0500B79BE9 /* Products */,
				7933DF92C34BED049C0EF1CE /* Pods */,
				2DAEC3D1CCFF57CCFE175E0C /* Frameworks */,
			);
			sourceTree = "<group>";
		};
		039FD8EE2295DB0500B79BE9 /* Products */ = {
			isa = PBXGroup;
			children = (
				039FD8ED2295DB0500B79BE9 /* ToDoList2019.app */,
			);
			name = Products;
			sourceTree = "<group>";
		};
		039FD8EF2295DB0500B79BE9 /* ToDoList2019 */ = {
			isa = PBXGroup;
			children = (
				039FD8F02295DB0500B79BE9 /* AppDelegate.swift */,
				039FD8F22295DB0500B79BE9 /* ViewController.swift */,
				039FD9082295F13E00B79BE9 /* ToDoModel.swift */,
				039FD9042295E66300B79BE9 /* ToDoListCell.swift */,
				D7AE86AC23392005000231A6 /* AuthManager.swift */,
				036018CD22BEA68F00554672 /* Network */,
				039FD8F42295DB0500B79BE9 /* Main.storyboard */,
				039FD8F72295DB0700B79BE9 /* Assets.xcassets */,
				039FD8F92295DB0700B79BE9 /* LaunchScreen.storyboard */,
				039FD8FC2295DB0700B79BE9 /* Info.plist */,
			);
			path = ToDoList2019;
			sourceTree = "<group>";
		};
		2DAEC3D1CCFF57CCFE175E0C /* Frameworks */ = {
			isa = PBXGroup;
			children = (
				0EE32BE051FA155C75ACFAF7 /* Pods_ToDoList2019.framework */,
			);
			name = Frameworks;
			sourceTree = "<group>";
		};
		7933DF92C34BED049C0EF1CE /* Pods */ = {
			isa = PBXGroup;
			children = (
				F03DAB3F34F4897ED8D0BE38 /* Pods-ToDoList2019.debug.xcconfig */,
				E80F31CA16DD5A6652ED0BB3 /* Pods-ToDoList2019.release.xcconfig */,
			);
			name = Pods;
			sourceTree = "<group>";
		};
/* End PBXGroup section */

/* Begin PBXNativeTarget section */
		039FD8EC2295DB0500B79BE9 /* ToDoList2019 */ = {
			isa = PBXNativeTarget;
			buildConfigurationList = 039FD8FF2295DB0700B79BE9 /* Build configuration list for PBXNativeTarget "ToDoList2019" */;
			buildPhases = (
				AB9AFC8B9D8973F89756DE12 /* [CP] Check Pods Manifest.lock */,
				039FD8E92295DB0500B79BE9 /* Sources */,
				039FD8EA2295DB0500B79BE9 /* Frameworks */,
				039FD8EB2295DB0500B79BE9 /* Resources */,
				4AC4F39D3AF7E0FEDBC05B5B /* [CP] Embed Pods Frameworks */,
			);
			buildRules = (
			);
			dependencies = (
			);
			name = ToDoList2019;
			productName = ToDoList2019;
			productReference = 039FD8ED2295DB0500B79BE9 /* ToDoList2019.app */;
			productType = "com.apple.product-type.application";
		};
/* End PBXNativeTarget section */

/* Begin PBXProject section */
		039FD8E52295DB0500B79BE9 /* Project object */ = {
			isa = PBXProject;
			attributes = {
				LastSwiftUpdateCheck = 1010;
				LastUpgradeCheck = 1010;
				ORGANIZATIONNAME = "Osama Gamal";
				TargetAttributes = {
					039FD8EC2295DB0500B79BE9 = {
						CreatedOnToolsVersion = 10.1;
					};
				};
			};
			buildConfigurationList = 039FD8E82295DB0500B79BE9 /* Build configuration list for PBXProject "ToDoList2019" */;
			compatibilityVersion = "Xcode 9.3";
			developmentRegion = en;
			hasScannedForEncodings = 0;
			knownRegions = (
				en,
				Base,
			);
			mainGroup = 039FD8E42295DB0500B79BE9;
			productRefGroup = 039FD8EE2295DB0500B79BE9 /* Products */;
			projectDirPath = "";
			projectRoot = "";
			targets = (
				039FD8EC2295DB0500B79BE9 /* ToDoList2019 */,
			);
		};
/* End PBXProject section */

/* Begin PBXResourcesBuildPhase section */
		039FD8EB2295DB0500B79BE9 /* Resources */ = {
			isa = PBXResourcesBuildPhase;
			buildActionMask = 2147483647;
			files = (
				039FD8FB2295DB0700B79BE9 /* LaunchScreen.storyboard in Resources */,
				039FD8F82295DB0700B79BE9 /* Assets.xcassets in Resources */,
				039FD8F62295DB0500B79BE9 /* Main.storyboard in Resources */,
			);
			runOnlyForDeploymentPostprocessing = 0;
		};
/* End PBXResourcesBuildPhase section */

/* Begin PBXShellScriptBuildPhase section */
		4AC4F39D3AF7E0FEDBC05B5B /* [CP] Embed Pods Frameworks */ = {
			isa = PBXShellScriptBuildPhase;
			buildActionMask = 2147483647;
			files = (
			);
			inputPaths = (
				"${SRCROOT}/Pods/Target Support Files/Pods-ToDoList2019/Pods-ToDoList2019-frameworks.sh",
				"${BUILT_PRODUCTS_DIR}/Alamofire/Alamofire.framework",
			);
			name = "[CP] Embed Pods Frameworks";
			outputPaths = (
				"${TARGET_BUILD_DIR}/${FRAMEWORKS_FOLDER_PATH}/Alamofire.framework",
			);
			runOnlyForDeploymentPostprocessing = 0;
			shellPath = /bin/sh;
			shellScript = "\"${SRCROOT}/Pods/Target Support Files/Pods-ToDoList2019/Pods-ToDoList2019-frameworks.sh\"\n";
			showEnvVarsInLog = 0;
		};
		AB9AFC8B9D8973F89756DE12 /* [CP] Check Pods Manifest.lock */ = {
			isa = PBXShellScriptBuildPhase;
			buildActionMask = 2147483647;
			files = (
			);
			inputPaths = (
				"${PODS_PODFILE_DIR_PATH}/Podfile.lock",
				"${PODS_ROOT}/Manifest.lock",
			);
			name = "[CP] Check Pods Manifest.lock";
			outputPaths = (
				"$(DERIVED_FILE_DIR)/Pods-ToDoList2019-checkManifestLockResult.txt",
			);
			runOnlyForDeploymentPostprocessing = 0;
			shellPath = /bin/sh;
			shellScript = "diff \"${PODS_PODFILE_DIR_PATH}/Podfile.lock\" \"${PODS_ROOT}/Manifest.lock\" > /dev/null\nif [ $? != 0 ] ; then\n    # print error to STDERR\n    echo \"error: The sandbox is not in sync with the Podfile.lock. Run 'pod install' or update your CocoaPods installation.\" >&2\n    exit 1\nfi\n# This output is used by Xcode 'outputs' to avoid re-running this script phase.\necho \"SUCCESS\" > \"${SCRIPT_OUTPUT_FILE_0}\"\n";
			showEnvVarsInLog = 0;
		};
/* End PBXShellScriptBuildPhase section */

/* Begin PBXSourcesBuildPhase section */
		039FD8E92295DB0500B79BE9 /* Sources */ = {
			isa = PBXSourcesBuildPhase;
			buildActionMask = 2147483647;
			files = (
				036018CF22BEA6B500554672 /* Constants.swift in Sources */,
				D7AE86AD23392005000231A6 /* AuthManager.swift in Sources */,
				036018D122BEA70A00554672 /* APIRouter.swift in Sources */,
				039FD8F32295DB0500B79BE9 /* ViewController.swift in Sources */,
				039FD9092295F13E00B79BE9 /* ToDoModel.swift in Sources */,
				036018D322BEA99E00554672 /* NetworkClient.swift in Sources */,
				039FD8F12295DB0500B79BE9 /* AppDelegate.swift in Sources */,
				039FD9052295E66300B79BE9 /* ToDoListCell.swift in Sources */,
			);
			runOnlyForDeploymentPostprocessing = 0;
		};
/* End PBXSourcesBuildPhase section */

/* Begin PBXVariantGroup section */
		039FD8F42295DB0500B79BE9 /* Main.storyboard */ = {
			isa = PBXVariantGroup;
			children = (
				039FD8F52295DB0500B79BE9 /* Base */,
			);
			name = Main.storyboard;
			sourceTree = "<group>";
		};
		039FD8F92295DB0700B79BE9 /* LaunchScreen.storyboard */ = {
			isa = PBXVariantGroup;
			children = (
				039FD8FA2295DB0700B79BE9 /* Base */,
			);
			name = LaunchScreen.storyboard;
			sourceTree = "<group>";
		};
/* End PBXVariantGroup section */

/* Begin XCBuildConfiguration section */
		039FD8FD2295DB0700B79BE9 /* Debug */ = {
			isa = XCBuildConfiguration;
			buildSettings = {
				ALWAYS_SEARCH_USER_PATHS = NO;
				CLANG_ANALYZER_NONNULL = YES;
				CLANG_ANALYZER_NUMBER_OBJECT_CONVERSION = YES_AGGRESSIVE;
				CLANG_CXX_LANGUAGE_STANDARD = "gnu++14";
				CLANG_CXX_LIBRARY = "libc++";
				CLANG_ENABLE_MODULES = YES;
				CLANG_ENABLE_OBJC_ARC = YES;
				CLANG_ENABLE_OBJC_WEAK = YES;
				CLANG_WARN_BLOCK_CAPTURE_AUTORELEASING = YES;
				CLANG_WARN_BOOL_CONVERSION = YES;
				CLANG_WARN_COMMA = YES;
				CLANG_WARN_CONSTANT_CONVERSION = YES;
				CLANG_WARN_DEPRECATED_OBJC_IMPLEMENTATIONS = YES;
				CLANG_WARN_DIRECT_OBJC_ISA_USAGE = YES_ERROR;
				CLANG_WARN_DOCUMENTATION_COMMENTS = YES;
				CLANG_WARN_EMPTY_BODY = YES;
				CLANG_WARN_ENUM_CONVERSION = YES;
				CLANG_WARN_INFINITE_RECURSION = YES;
				CLANG_WARN_INT_CONVERSION = YES;
				CLANG_WARN_NON_LITERAL_NULL_CONVERSION = YES;
				CLANG_WARN_OBJC_IMPLICIT_RETAIN_SELF = YES;
				CLANG_WARN_OBJC_LITERAL_CONVERSION = YES;
				CLANG_WARN_OBJC_ROOT_CLASS = YES_ERROR;
				CLANG_WARN_RANGE_LOOP_ANALYSIS = YES;
				CLANG_WARN_STRICT_PROTOTYPES = YES;
				CLANG_WARN_SUSPICIOUS_MOVE = YES;
				CLANG_WARN_UNGUARDED_AVAILABILITY = YES_AGGRESSIVE;
				CLANG_WARN_UNREACHABLE_CODE = YES;
				CLANG_WARN__DUPLICATE_METHOD_MATCH = YES;
				CODE_SIGN_IDENTITY = "iPhone Developer";
				COPY_PHASE_STRIP = NO;
				DEBUG_INFORMATION_FORMAT = dwarf;
				ENABLE_STRICT_OBJC_MSGSEND = YES;
				ENABLE_TESTABILITY = YES;
				GCC_C_LANGUAGE_STANDARD = gnu11;
				GCC_DYNAMIC_NO_PIC = NO;
				GCC_NO_COMMON_BLOCKS = YES;
				GCC_OPTIMIZATION_LEVEL = 0;
				GCC_PREPROCESSOR_DEFINITIONS = (
					"DEBUG=1",
					"$(inherited)",
				);
				GCC_WARN_64_TO_32_BIT_CONVERSION = YES;
				GCC_WARN_ABOUT_RETURN_TYPE = YES_ERROR;
				GCC_WARN_UNDECLARED_SELECTOR = YES;
				GCC_WARN_UNINITIALIZED_AUTOS = YES_AGGRESSIVE;
				GCC_WARN_UNUSED_FUNCTION = YES;
				GCC_WARN_UNUSED_VARIABLE = YES;
				IPHONEOS_DEPLOYMENT_TARGET = 12.1;
				MTL_ENABLE_DEBUG_INFO = INCLUDE_SOURCE;
				MTL_FAST_MATH = YES;
				ONLY_ACTIVE_ARCH = YES;
				SDKROOT = iphoneos;
				SWIFT_ACTIVE_COMPILATION_CONDITIONS = DEBUG;
				SWIFT_OPTIMIZATION_LEVEL = "-Onone";
			};
			name = Debug;
		};
		039FD8FE2295DB0700B79BE9 /* Release */ = {
			isa = XCBuildConfiguration;
			buildSettings = {
				ALWAYS_SEARCH_USER_PATHS = NO;
				CLANG_ANALYZER_NONNULL = YES;
				CLANG_ANALYZER_NUMBER_OBJECT_CONVERSION = YES_AGGRESSIVE;
				CLANG_CXX_LANGUAGE_STANDARD = "gnu++14";
				CLANG_CXX_LIBRARY = "libc++";
				CLANG_ENABLE_MODULES = YES;
				CLANG_ENABLE_OBJC_ARC = YES;
				CLANG_ENABLE_OBJC_WEAK = YES;
				CLANG_WARN_BLOCK_CAPTURE_AUTORELEASING = YES;
				CLANG_WARN_BOOL_CONVERSION = YES;
				CLANG_WARN_COMMA = YES;
				CLANG_WARN_CONSTANT_CONVERSION = YES;
				CLANG_WARN_DEPRECATED_OBJC_IMPLEMENTATIONS = YES;
				CLANG_WARN_DIRECT_OBJC_ISA_USAGE = YES_ERROR;
				CLANG_WARN_DOCUMENTATION_COMMENTS = YES;
				CLANG_WARN_EMPTY_BODY = YES;
				CLANG_WARN_ENUM_CONVERSION = YES;
				CLANG_WARN_INFINITE_RECURSION = YES;
				CLANG_WARN_INT_CONVERSION = YES;
				CLANG_WARN_NON_LITERAL_NULL_CONVERSION = YES;
				CLANG_WARN_OBJC_IMPLICIT_RETAIN_SELF = YES;
				CLANG_WARN_OBJC_LITERAL_CONVERSION = YES;
				CLANG_WARN_OBJC_ROOT_CLASS = YES_ERROR;
				CLANG_WARN_RANGE_LOOP_ANALYSIS = YES;
				CLANG_WARN_STRICT_PROTOTYPES = YES;
				CLANG_WARN_SUSPICIOUS_MOVE = YES;
				CLANG_WARN_UNGUARDED_AVAILABILITY = YES_AGGRESSIVE;
				CLANG_WARN_UNREACHABLE_CODE = YES;
				CLANG_WARN__DUPLICATE_METHOD_MATCH = YES;
				CODE_SIGN_IDENTITY = "iPhone Developer";
				COPY_PHASE_STRIP = NO;
				DEBUG_INFORMATION_FORMAT = "dwarf-with-dsym";
				ENABLE_NS_ASSERTIONS = NO;
				ENABLE_STRICT_OBJC_MSGSEND = YES;
				GCC_C_LANGUAGE_STANDARD = gnu11;
				GCC_NO_COMMON_BLOCKS = YES;
				GCC_WARN_64_TO_32_BIT_CONVERSION = YES;
				GCC_WARN_ABOUT_RETURN_TYPE = YES_ERROR;
				GCC_WARN_UNDECLARED_SELECTOR = YES;
				GCC_WARN_UNINITIALIZED_AUTOS = YES_AGGRESSIVE;
				GCC_WARN_UNUSED_FUNCTION = YES;
				GCC_WARN_UNUSED_VARIABLE = YES;
				IPHONEOS_DEPLOYMENT_TARGET = 12.1;
				MTL_ENABLE_DEBUG_INFO = NO;
				MTL_FAST_MATH = YES;
				SDKROOT = iphoneos;
				SWIFT_COMPILATION_MODE = wholemodule;
				SWIFT_OPTIMIZATION_LEVEL = "-O";
				VALIDATE_PRODUCT = YES;
			};
			name = Release;
		};
		039FD9002295DB0700B79BE9 /* Debug */ = {
			isa = XCBuildConfiguration;
			baseConfigurationReference = F03DAB3F34F4897ED8D0BE38 /* Pods-ToDoList2019.debug.xcconfig */;
			buildSettings = {
				ASSETCATALOG_COMPILER_APPICON_NAME = AppIcon;
				CODE_SIGN_STYLE = Automatic;
				DEVELOPMENT_TEAM = 3LX2WT33H2;
				INFOPLIST_FILE = ToDoList2019/Info.plist;
				LD_RUNPATH_SEARCH_PATHS = (
					"$(inherited)",
					"@executable_path/Frameworks",
				);
				PRODUCT_BUNDLE_IDENTIFIER = com.osama.ToDoList2019;
				PRODUCT_NAME = "$(TARGET_NAME)";
				SWIFT_VERSION = 4.2;
				TARGETED_DEVICE_FAMILY = "1,2";
			};
			name = Debug;
		};
		039FD9012295DB0700B79BE9 /* Release */ = {
			isa = XCBuildConfiguration;
			baseConfigurationReference = E80F31CA16DD5A6652ED0BB3 /* Pods-ToDoList2019.release.xcconfig */;
			buildSettings = {
				ASSETCATALOG_COMPILER_APPICON_NAME = AppIcon;
				CODE_SIGN_STYLE = Automatic;
				DEVELOPMENT_TEAM = 3LX2WT33H2;
				INFOPLIST_FILE = ToDoList2019/Info.plist;
				LD_RUNPATH_SEARCH_PATHS = (
					"$(inherited)",
					"@executable_path/Frameworks",
				);
				PRODUCT_BUNDLE_IDENTIFIER = com.osama.ToDoList2019;
				PRODUCT_NAME = "$(TARGET_NAME)";
				SWIFT_VERSION = 4.2;
				TARGETED_DEVICE_FAMILY = "1,2";
			};
			name = Release;
		};
/* End XCBuildConfiguration section */

/* Begin XCConfigurationList section */
		039FD8E82295DB0500B79BE9 /* Build configuration list for PBXProject "ToDoList2019" */ = {
			isa = XCConfigurationList;
			buildConfigurations = (
				039FD8FD2295DB0700B79BE9 /* Debug */,
				039FD8FE2295DB0700B79BE9 /* Release */,
			);
			defaultConfigurationIsVisible = 0;
			defaultConfigurationName = Release;
		};
		039FD8FF2295DB0700B79BE9 /* Build configuration list for PBXNativeTarget "ToDoList2019" */ = {
			isa = XCConfigurationList;
			buildConfigurations = (
				039FD9002295DB0700B79BE9 /* Debug */,
				039FD9012295DB0700B79BE9 /* Release */,
			);
			defaultConfigurationIsVisible = 0;
			defaultConfigurationName = Release;
		};
/* End XCConfigurationList section */
	};
	rootObject = 039FD8E52295DB0500B79BE9 /* Project object */;
}
